
Microsoft Visual Studio Solution File, Format Version 12.00
# Visual Studio 15
VisualStudioVersion = 15.0.27703.2026
MinimumVisualStudioVersion = 10.0.40219.1
Project("{FAE04EC0-301F-11D3-BF4B-00C04F79EFBC}") = "MoqUsageTest1", "MoqUsageTest1\MoqUsageTest1.csproj", "{4D63F6A2-5E09-4A92-A33C-7152847DBB0C}"
EndProject
Global
	GlobalSection(SolutionConfigurationPlatforms) = preSolution
		Debug|Any CPU = Debug|Any CPU
		Release|Any CPU = Release|Any CPU
	EndGlobalSection
	GlobalSection(ProjectConfigurationPlatforms) = postSolution
		{4D63F6A2-5E09-4A92-A33C-7152847DBB0C}.Debug|Any CPU.ActiveCfg = Debug|Any CPU
		{4D63F6A2-5E09-4A92-A33C-7152847DBB0C}.Debug|Any CPU.Build.0 = Debug|Any CPU
		{4D63F6A2-5E09-4A92-A33C-7152847DBB0C}.Release|Any CPU.ActiveCfg = Release|Any CPU
		{4D63F6A2-5E09-4A92-A33C-7152847DBB0C}.Release|Any CPU.Build.0 = Release|Any CPU
	EndGlobalSection
	GlobalSection(SolutionProperties) = preSolution
		HideSolutionNode = FALSE
	EndGlobalSection
	GlobalSection(ExtensibilityGlobals) = postSolution
		SolutionGuid = {0CBEB0FE-F693-45DC-AD11-547464F0FA06}
	EndGlobalSection
EndGlobal
